
Microsoft Visual Studio Solution File, Format Version 12.00
# Visual Studio 15
VisualStudioVersion = 15.0.28307.271
MinimumVisualStudioVersion = 10.0.40219.1
Project("{FAE04EC0-301F-11D3-BF4B-00C04F79EFBC}") = "DecklistProjectASP", "DecklistProjectASP\DecklistProjectASP.csproj", "{C867506A-6B21-4ADE-82CD-AF9C58198D6E}"
EndProject
Global
	GlobalSection(SolutionConfigurationPlatforms) = preSolution
		Debug|Any CPU = Debug|Any CPU
		Release|Any CPU = Release|Any CPU
	EndGlobalSection
	GlobalSection(ProjectConfigurationPlatforms) = postSolution
		{C867506A-6B21-4ADE-82CD-AF9C58198D6E}.Debug|Any CPU.ActiveCfg = Debug|Any CPU
		{C867506A-6B21-4ADE-82CD-AF9C58198D6E}.Debug|Any CPU.Build.0 = Debug|Any CPU
		{C867506A-6B21-4ADE-82CD-AF9C58198D6E}.Release|Any CPU.ActiveCfg = Release|Any CPU
		{C867506A-6B21-4ADE-82CD-AF9C58198D6E}.Release|Any CPU.Build.0 = Release|Any CPU
	EndGlobalSection
	GlobalSection(SolutionProperties) = preSolution
		HideSolutionNode = FALSE
	EndGlobalSection
	GlobalSection(ExtensibilityGlobals) = postSolution
		SolutionGuid = {1AF1BAC6-68FE-440F-98D4-570D7CA5BF34}
	EndGlobalSection
EndGlobal
